
Microsoft Visual Studio Solution File, Format Version 12.00
# Visual Studio 15
Project("{FAE04EC0-301F-11D3-BF4B-00C04F79EFBC}") = "UnityEngine.UI", "UnityEngine.UI.csproj", "{C155BF3E-16C8-A25D-ECCE-4D4911BDB7AF}"
EndProject
Project("{FAE04EC0-301F-11D3-BF4B-00C04F79EFBC}") = "UnityEngine.TestRunner", "UnityEngine.TestRunner.csproj", "{E187FCA8-143F-5F0E-6FCB-BB8643E5D625}"
EndProject
Project("{FAE04EC0-301F-11D3-BF4B-00C04F79EFBC}") = "Unity.Mathematics", "Unity.Mathematics.csproj", "{13C6D164-0CB5-BD07-B399-E70AC9341119}"
EndProject
Project("{FAE04EC0-301F-11D3-BF4B-00C04F79EFBC}") = "Unity.2D.Animation.Triangle.Runtime", "Unity.2D.Animation.Triangle.Runtime.csproj", "{8C7CD08D-EBDD-3786-2C0F-93C24A1E7666}"
EndProject
Project("{FAE04EC0-301F-11D3-BF4B-00C04F79EFBC}") = "Assembly-CSharp", "Assembly-CSharp.csproj", "{08DF29EE-82D5-A8FF-309A-5248C006C847}"
EndProject
Project("{FAE04EC0-301F-11D3-BF4B-00C04F79EFBC}") = "Unity.Timeline", "Unity.Timeline.csproj", "{3853318E-A385-2210-F430-5FD020E93424}"
EndProject
Project("{FAE04EC0-301F-11D3-BF4B-00C04F79EFBC}") = "Unity.TextMeshPro", "Unity.TextMeshPro.csproj", "{135B1848-5376-54D2-4165-CA7CC3BF0228}"
EndProject
Project("{FAE04EC0-301F-11D3-BF4B-00C04F79EFBC}") = "Unity.2D.Animation.Runtime", "Unity.2D.Animation.Runtime.csproj", "{EAA8E03F-B16C-68D6-1FC8-06B44F6EED6A}"
EndProject
Project("{FAE04EC0-301F-11D3-BF4B-00C04F79EFBC}") = "Unity.2D.IK.Runtime", "Unity.2D.IK.Runtime.csproj", "{3243F548-5BE9-F24D-4FB6-B902ADE145C5}"
EndProject
Project("{FAE04EC0-301F-11D3-BF4B-00C04F79EFBC}") = "Unity.2D.SpriteShape.Runtime", "Unity.2D.SpriteShape.Runtime.csproj", "{448B0F29-55E8-1DC8-159E-9E3A6B3D5713}"
EndProject
Project("{FAE04EC0-301F-11D3-BF4B-00C04F79EFBC}") = "Unity.2D.PixelPerfect", "Unity.2D.PixelPerfect.csproj", "{C8FA4146-C4A6-DDF9-AD0F-D9EF83E72814}"
EndProject
Project("{FAE04EC0-301F-11D3-BF4B-00C04F79EFBC}") = "Unity.2D.Common.Runtime", "Unity.2D.Common.Runtime.csproj", "{7C7A458F-43B2-C042-1ADE-9C3AD3DA0328}"
EndProject
Project("{FAE04EC0-301F-11D3-BF4B-00C04F79EFBC}") = "Unity.InternalAPIEngineBridge.001", "Unity.InternalAPIEngineBridge.001.csproj", "{77B4C5BC-9AA2-806A-508F-74B5CABCA4D3}"
EndProject
Project("{FAE04EC0-301F-11D3-BF4B-00C04F79EFBC}") = "UnityEditor.TestRunner", "UnityEditor.TestRunner.csproj", "{355DF9F1-C386-4298-1C1B-79A5467C4E40}"
EndProject
Project("{FAE04EC0-301F-11D3-BF4B-00C04F79EFBC}") = "Unity.PlasticSCM.Editor", "Unity.PlasticSCM.Editor.csproj", "{456C11EF-465C-66A7-313C-1600F624D533}"
EndProject
Project("{FAE04EC0-301F-11D3-BF4B-00C04F79EFBC}") = "UnityEditor.UI", "UnityEditor.UI.csproj", "{50D722BA-BA6F-5951-6C6D-75B8CE09D947}"
EndProject
Project("{FAE04EC0-301F-11D3-BF4B-00C04F79EFBC}") = "Unity.Services.Core.Editor", "Unity.Services.Core.Editor.csproj", "{31FDD6C4-87ED-F588-ABC5-D752F68AA3AB}"
EndProject
Project("{FAE04EC0-301F-11D3-BF4B-00C04F79EFBC}") = "Unity.Timeline.Editor", "Unity.Timeline.Editor.csproj", "{42166592-A38F-D6AE-EDE1-F58D00AEA771}"
EndProject
Project("{FAE04EC0-301F-11D3-BF4B-00C04F79EFBC}") = "Unity.VisualStudio.Editor", "Unity.VisualStudio.Editor.csproj", "{13253D2C-5352-3F5F-323A-65E69231825C}"
EndProject
Project("{FAE04EC0-301F-11D3-BF4B-00C04F79EFBC}") = "Unity.2D.Psdimporter.Editor", "Unity.2D.Psdimporter.Editor.csproj", "{6365F911-DE78-CE50-54A9-27290FB01237}"
EndProject
Project("{FAE04EC0-301F-11D3-BF4B-00C04F79EFBC}") = "Unity.2D.Animation.Editor", "Unity.2D.Animation.Editor.csproj", "{CB85358A-4F47-0CD1-EDC8-598E75E37AF9}"
EndProject
Project("{FAE04EC0-301F-11D3-BF4B-00C04F79EFBC}") = "Unity.TextMeshPro.Editor", "Unity.TextMeshPro.Editor.csproj", "{C4C460B2-CF1D-C014-B2F3-123021CCABC7}"
EndProject
Project("{FAE04EC0-301F-11D3-BF4B-00C04F79EFBC}") = "Unity.2D.SpriteShape.Editor", "Unity.2D.SpriteShape.Editor.csproj", "{6B5C9B5D-B914-CCED-CC06-DA7252E018D4}"
EndProject
Project("{FAE04EC0-301F-11D3-BF4B-00C04F79EFBC}") = "Unity.CollabProxy.Editor", "Unity.CollabProxy.Editor.csproj", "{B0BB13C7-F67F-D545-576E-F851BD58D07E}"
EndProject
Project("{FAE04EC0-301F-11D3-BF4B-00C04F79EFBC}") = "PsdPlugin", "PsdPlugin.csproj", "{BBF227B3-2753-7C5D-28C5-1B9B7AB5C0AC}"
EndProject
Project("{FAE04EC0-301F-11D3-BF4B-00C04F79EFBC}") = "Unity.2D.Path.Editor", "Unity.2D.Path.Editor.csproj", "{7C2EE0B0-83D6-874F-D310-772C22AFD5EA}"
EndProject
Project("{FAE04EC0-301F-11D3-BF4B-00C04F79EFBC}") = "Unity.Rider.Editor", "Unity.Rider.Editor.csproj", "{8BCEEB54-FC1C-5523-D303-185BE9E8EFA9}"
EndProject
Project("{FAE04EC0-301F-11D3-BF4B-00C04F79EFBC}") = "Unity.2D.IK.Editor", "Unity.2D.IK.Editor.csproj", "{D7C4010C-BB2D-DE59-0CA1-B07B11B08B73}"
EndProject
Project("{FAE04EC0-301F-11D3-BF4B-00C04F79EFBC}") = "Unity.2D.Sprite.Editor", "Unity.2D.Sprite.Editor.csproj", "{94618BE1-F6B9-4536-3DD3-A14F5E78262F}"
EndProject
Project("{FAE04EC0-301F-11D3-BF4B-00C04F79EFBC}") = "Unity.2D.Tilemap.Editor", "Unity.2D.Tilemap.Editor.csproj", "{B8C8D99D-2233-8284-7FF5-7E496AA9C8DE}"
EndProject
Project("{FAE04EC0-301F-11D3-BF4B-00C04F79EFBC}") = "Unity.2D.PixelPerfect.Editor", "Unity.2D.PixelPerfect.Editor.csproj", "{BA57D183-DB29-12A3-3127-434B967DCD14}"
EndProject
Project("{FAE04EC0-301F-11D3-BF4B-00C04F79EFBC}") = "Unity.VSCode.Editor", "Unity.VSCode.Editor.csproj", "{D899C451-197B-B72A-7116-8665ECC9195E}"
EndProject
Project("{FAE04EC0-301F-11D3-BF4B-00C04F79EFBC}") = "Unity.2D.Common.Editor", "Unity.2D.Common.Editor.csproj", "{9CD1184F-61CE-92BA-F391-3CB0C3D31F3B}"
EndProject
Project("{FAE04EC0-301F-11D3-BF4B-00C04F79EFBC}") = "Unity.Mathematics.Editor", "Unity.Mathematics.Editor.csproj", "{6B685279-6D5C-C6F1-732C-AC72557047E7}"
EndProject
Project("{FAE04EC0-301F-11D3-BF4B-00C04F79EFBC}") = "Unity.InternalAPIEditorBridge.001", "Unity.InternalAPIEditorBridge.001.csproj", "{F5E6583D-8F57-28B8-0C98-3E2E03754DC8}"
EndProject
Project("{FAE04EC0-301F-11D3-BF4B-00C04F79EFBC}") = "UnityEngine.UI", "UnityEngine.UI.Player.csproj", "{871F5355-F6D8-656E-E33E-4E2671D58DB2}"
EndProject
Project("{FAE04EC0-301F-11D3-BF4B-00C04F79EFBC}") = "UnityEngine.TestRunner", "UnityEngine.TestRunner.Player.csproj", "{1C2D1DC0-9383-F909-9E9E-E546E22E32CB}"
EndProject
Project("{FAE04EC0-301F-11D3-BF4B-00C04F79EFBC}") = "Unity.Mathematics", "Unity.Mathematics.Player.csproj", "{B0952F48-014C-8D99-1521-AB62934ED65A}"
EndProject
Project("{FAE04EC0-301F-11D3-BF4B-00C04F79EFBC}") = "Unity.2D.Animation.Triangle.Runtime", "Unity.2D.Animation.Triangle.Runtime.Player.csproj", "{FEB33DC4-3540-B772-8C68-4F8D479F866C}"
EndProject
Project("{FAE04EC0-301F-11D3-BF4B-00C04F79EFBC}") = "Assembly-CSharp", "Assembly-CSharp.Player.csproj", "{0043FB36-D501-BFD3-14A4-A946E2E4627F}"
EndProject
Project("{FAE04EC0-301F-11D3-BF4B-00C04F79EFBC}") = "Unity.Timeline", "Unity.Timeline.Player.csproj", "{8E728CAB-64A3-6F2C-2D76-1C554FCD3FA5}"
EndProject
Project("{FAE04EC0-301F-11D3-BF4B-00C04F79EFBC}") = "Unity.TextMeshPro", "Unity.TextMeshPro.Player.csproj", "{AB9B9470-9321-197A-787D-AF87E141F899}"
EndProject
Project("{FAE04EC0-301F-11D3-BF4B-00C04F79EFBC}") = "Unity.2D.Animation.Runtime", "Unity.2D.Animation.Runtime.Player.csproj", "{97C186A5-8401-4648-3BE8-67240EECC069}"
EndProject
Project("{FAE04EC0-301F-11D3-BF4B-00C04F79EFBC}") = "Unity.2D.IK.Runtime", "Unity.2D.IK.Runtime.Player.csproj", "{1994121A-B996-BAEF-FCE0-B06E80BFF429}"
EndProject
Project("{FAE04EC0-301F-11D3-BF4B-00C04F79EFBC}") = "Unity.2D.SpriteShape.Runtime", "Unity.2D.SpriteShape.Runtime.Player.csproj", "{DF9A1786-0200-77CF-9594-2E1872D8E0DD}"
EndProject
Project("{FAE04EC0-301F-11D3-BF4B-00C04F79EFBC}") = "Unity.2D.PixelPerfect", "Unity.2D.PixelPerfect.Player.csproj", "{F588DBE5-2E68-0B62-5661-01754CD5090C}"
EndProject
Project("{FAE04EC0-301F-11D3-BF4B-00C04F79EFBC}") = "Unity.2D.Common.Runtime", "Unity.2D.Common.Runtime.Player.csproj", "{B0B7735F-DF2B-7134-42C2-11DE0F0218AD}"
EndProject
Project("{FAE04EC0-301F-11D3-BF4B-00C04F79EFBC}") = "Unity.InternalAPIEngineBridge.001", "Unity.InternalAPIEngineBridge.001.Player.csproj", "{DDBFC6CC-BFD7-B843-88DC-AB764104A39E}"
EndProject
Global
	GlobalSection(SolutionConfigurationPlatforms) = preSolution
		Debug|Any CPU = Debug|Any CPU
		Release|Any CPU = Release|Any CPU
	EndGlobalSection
	GlobalSection(ProjectConfigurationPlatforms) = postSolution
		{C155BF3E-16C8-A25D-ECCE-4D4911BDB7AF}.Debug|Any CPU.ActiveCfg = Debug|Any CPU
		{C155BF3E-16C8-A25D-ECCE-4D4911BDB7AF}.Debug|Any CPU.Build.0 = Debug|Any CPU
		{C155BF3E-16C8-A25D-ECCE-4D4911BDB7AF}.Release|Any CPU.ActiveCfg = Release|Any CPU
		{C155BF3E-16C8-A25D-ECCE-4D4911BDB7AF}.Release|Any CPU.Build.0 = Release|Any CPU
		{E187FCA8-143F-5F0E-6FCB-BB8643E5D625}.Debug|Any CPU.ActiveCfg = Debug|Any CPU
		{E187FCA8-143F-5F0E-6FCB-BB8643E5D625}.Debug|Any CPU.Build.0 = Debug|Any CPU
		{E187FCA8-143F-5F0E-6FCB-BB8643E5D625}.Release|Any CPU.ActiveCfg = Release|Any CPU
		{E187FCA8-143F-5F0E-6FCB-BB8643E5D625}.Release|Any CPU.Build.0 = Release|Any CPU
		{13C6D164-0CB5-BD07-B399-E70AC9341119}.Debug|Any CPU.ActiveCfg = Debug|Any CPU
		{13C6D164-0CB5-BD07-B399-E70AC9341119}.Debug|Any CPU.Build.0 = Debug|Any CPU
		{13C6D164-0CB5-BD07-B399-E70AC9341119}.Release|Any CPU.ActiveCfg = Release|Any CPU
		{13C6D164-0CB5-BD07-B399-E70AC9341119}.Release|Any CPU.Build.0 = Release|Any CPU
		{8C7CD08D-EBDD-3786-2C0F-93C24A1E7666}.Debug|Any CPU.ActiveCfg = Debug|Any CPU
		{8C7CD08D-EBDD-3786-2C0F-93C24A1E7666}.Debug|Any CPU.Build.0 = Debug|Any CPU
		{8C7CD08D-EBDD-3786-2C0F-93C24A1E7666}.Release|Any CPU.ActiveCfg = Release|Any CPU
		{8C7CD08D-EBDD-3786-2C0F-93C24A1E7666}.Release|Any CPU.Build.0 = Release|Any CPU
		{08DF29EE-82D5-A8FF-309A-5248C006C847}.Debug|Any CPU.ActiveCfg = Debug|Any CPU
		{08DF29EE-82D5-A8FF-309A-5248C006C847}.Debug|Any CPU.Build.0 = Debug|Any CPU
		{08DF29EE-82D5-A8FF-309A-5248C006C847}.Release|Any CPU.ActiveCfg = Release|Any CPU
		{08DF29EE-82D5-A8FF-309A-5248C006C847}.Release|Any CPU.Build.0 = Release|Any CPU
		{3853318E-A385-2210-F430-5FD020E93424}.Debug|Any CPU.ActiveCfg = Debug|Any CPU
		{3853318E-A385-2210-F430-5FD020E93424}.Debug|Any CPU.Build.0 = Debug|Any CPU
		{3853318E-A385-2210-F430-5FD020E93424}.Release|Any CPU.ActiveCfg = Release|Any CPU
		{3853318E-A385-2210-F430-5FD020E93424}.Release|Any CPU.Build.0 = Release|Any CPU
		{135B1848-5376-54D2-4165-CA7CC3BF0228}.Debug|Any CPU.ActiveCfg = Debug|Any CPU
		{135B1848-5376-54D2-4165-CA7CC3BF0228}.Debug|Any CPU.Build.0 = Debug|Any CPU
		{135B1848-5376-54D2-4165-CA7CC3BF0228}.Release|Any CPU.ActiveCfg = Release|Any CPU
		{135B1848-5376-54D2-4165-CA7CC3BF0228}.Release|Any CPU.Build.0 = Release|Any CPU
		{EAA8E03F-B16C-68D6-1FC8-06B44F6EED6A}.Debug|Any CPU.ActiveCfg = Debug|Any CPU
		{EAA8E03F-B16C-68D6-1FC8-06B44F6EED6A}.Debug|Any CPU.Build.0 = Debug|Any CPU
		{EAA8E03F-B16C-68D6-1FC8-06B44F6EED6A}.Release|Any CPU.ActiveCfg = Release|Any CPU
		{EAA8E03F-B16C-68D6-1FC8-06B44F6EED6A}.Release|Any CPU.Build.0 = Release|Any CPU
		{3243F548-5BE9-F24D-4FB6-B902ADE145C5}.Debug|Any CPU.ActiveCfg = Debug|Any CPU
		{3243F548-5BE9-F24D-4FB6-B902ADE145C5}.Debug|Any CPU.Build.0 = Debug|Any CPU
		{3243F548-5BE9-F24D-4FB6-B902ADE145C5}.Release|Any CPU.ActiveCfg = Release|Any CPU
		{3243F548-5BE9-F24D-4FB6-B902ADE145C5}.Release|Any CPU.Build.0 = Release|Any CPU
		{448B0F29-55E8-1DC8-159E-9E3A6B3D5713}.Debug|Any CPU.ActiveCfg = Debug|Any CPU
		{448B0F29-55E8-1DC8-159E-9E3A6B3D5713}.Debug|Any CPU.Build.0 = Debug|Any CPU
		{448B0F29-55E8-1DC8-159E-9E3A6B3D5713}.Release|Any CPU.ActiveCfg = Release|Any CPU
		{448B0F29-55E8-1DC8-159E-9E3A6B3D5713}.Release|Any CPU.Build.0 = Release|Any CPU
		{C8FA4146-C4A6-DDF9-AD0F-D9EF83E72814}.Debug|Any CPU.ActiveCfg = Debug|Any CPU
		{C8FA4146-C4A6-DDF9-AD0F-D9EF83E72814}.Debug|Any CPU.Build.0 = Debug|Any CPU
		{C8FA4146-C4A6-DDF9-AD0F-D9EF83E72814}.Release|Any CPU.ActiveCfg = Release|Any CPU
		{C8FA4146-C4A6-DDF9-AD0F-D9EF83E72814}.Release|Any CPU.Build.0 = Release|Any CPU
		{7C7A458F-43B2-C042-1ADE-9C3AD3DA0328}.Debug|Any CPU.ActiveCfg = Debug|Any CPU
		{7C7A458F-43B2-C042-1ADE-9C3AD3DA0328}.Debug|Any CPU.Build.0 = Debug|Any CPU
		{7C7A458F-43B2-C042-1ADE-9C3AD3DA0328}.Release|Any CPU.ActiveCfg = Release|Any CPU
		{7C7A458F-43B2-C042-1ADE-9C3AD3DA0328}.Release|Any CPU.Build.0 = Release|Any CPU
		{77B4C5BC-9AA2-806A-508F-74B5CABCA4D3}.Debug|Any CPU.ActiveCfg = Debug|Any CPU
		{77B4C5BC-9AA2-806A-508F-74B5CABCA4D3}.Debug|Any CPU.Build.0 = Debug|Any CPU
		{77B4C5BC-9AA2-806A-508F-74B5CABCA4D3}.Release|Any CPU.ActiveCfg = Release|Any CPU
		{77B4C5BC-9AA2-806A-508F-74B5CABCA4D3}.Release|Any CPU.Build.0 = Release|Any CPU
		{355DF9F1-C386-4298-1C1B-79A5467C4E40}.Debug|Any CPU.ActiveCfg = Debug|Any CPU
		{355DF9F1-C386-4298-1C1B-79A5467C4E40}.Debug|Any CPU.Build.0 = Debug|Any CPU
		{355DF9F1-C386-4298-1C1B-79A5467C4E40}.Release|Any CPU.ActiveCfg = Release|Any CPU
		{355DF9F1-C386-4298-1C1B-79A5467C4E40}.Release|Any CPU.Build.0 = Release|Any CPU
		{456C11EF-465C-66A7-313C-1600F624D533}.Debug|Any CPU.ActiveCfg = Debug|Any CPU
		{456C11EF-465C-66A7-313C-1600F624D533}.Debug|Any CPU.Build.0 = Debug|Any CPU
		{456C11EF-465C-66A7-313C-1600F624D533}.Release|Any CPU.ActiveCfg = Release|Any CPU
		{456C11EF-465C-66A7-313C-1600F624D533}.Release|Any CPU.Build.0 = Release|Any CPU
		{50D722BA-BA6F-5951-6C6D-75B8CE09D947}.Debug|Any CPU.ActiveCfg = Debug|Any CPU
		{50D722BA-BA6F-5951-6C6D-75B8CE09D947}.Debug|Any CPU.Build.0 = Debug|Any CPU
		{50D722BA-BA6F-5951-6C6D-75B8CE09D947}.Release|Any CPU.ActiveCfg = Release|Any CPU
		{50D722BA-BA6F-5951-6C6D-75B8CE09D947}.Release|Any CPU.Build.0 = Release|Any CPU
		{31FDD6C4-87ED-F588-ABC5-D752F68AA3AB}.Debug|Any CPU.ActiveCfg = Debug|Any CPU
		{31FDD6C4-87ED-F588-ABC5-D752F68AA3AB}.Debug|Any CPU.Build.0 = Debug|Any CPU
		{31FDD6C4-87ED-F588-ABC5-D752F68AA3AB}.Release|Any CPU.ActiveCfg = Release|Any CPU
		{31FDD6C4-87ED-F588-ABC5-D752F68AA3AB}.Release|Any CPU.Build.0 = Release|Any CPU
		{42166592-A38F-D6AE-EDE1-F58D00AEA771}.Debug|Any CPU.ActiveCfg = Debug|Any CPU
		{42166592-A38F-D6AE-EDE1-F58D00AEA771}.Debug|Any CPU.Build.0 = Debug|Any CPU
		{42166592-A38F-D6AE-EDE1-F58D00AEA771}.Release|Any CPU.ActiveCfg = Release|Any CPU
		{42166592-A38F-D6AE-EDE1-F58D00AEA771}.Release|Any CPU.Build.0 = Release|Any CPU
		{13253D2C-5352-3F5F-323A-65E69231825C}.Debug|Any CPU.ActiveCfg = Debug|Any CPU
		{13253D2C-5352-3F5F-323A-65E69231825C}.Debug|Any CPU.Build.0 = Debug|Any CPU
		{13253D2C-5352-3F5F-323A-65E69231825C}.Release|Any CPU.ActiveCfg = Release|Any CPU
		{13253D2C-5352-3F5F-323A-65E69231825C}.Release|Any CPU.Build.0 = Release|Any CPU
		{6365F911-DE78-CE50-54A9-27290FB01237}.Debug|Any CPU.ActiveCfg = Debug|Any CPU
		{6365F911-DE78-CE50-54A9-27290FB01237}.Debug|Any CPU.Build.0 = Debug|Any CPU
		{6365F911-DE78-CE50-54A9-27290FB01237}.Release|Any CPU.ActiveCfg = Release|Any CPU
		{6365F911-DE78-CE50-54A9-27290FB01237}.Release|Any CPU.Build.0 = Release|Any CPU
		{CB85358A-4F47-0CD1-EDC8-598E75E37AF9}.Debug|Any CPU.ActiveCfg = Debug|Any CPU
		{CB85358A-4F47-0CD1-EDC8-598E75E37AF9}.Debug|Any CPU.Build.0 = Debug|Any CPU
		{CB85358A-4F47-0CD1-EDC8-598E75E37AF9}.Release|Any CPU.ActiveCfg = Release|Any CPU
		{CB85358A-4F47-0CD1-EDC8-598E75E37AF9}.Release|Any CPU.Build.0 = Release|Any CPU
		{C4C460B2-CF1D-C014-B2F3-123021CCABC7}.Debug|Any CPU.ActiveCfg = Debug|Any CPU
		{C4C460B2-CF1D-C014-B2F3-123021CCABC7}.Debug|Any CPU.Build.0 = Debug|Any CPU
		{C4C460B2-CF1D-C014-B2F3-123021CCABC7}.Release|Any CPU.ActiveCfg = Release|Any CPU
		{C4C460B2-CF1D-C014-B2F3-123021CCABC7}.Release|Any CPU.Build.0 = Release|Any CPU
		{6B5C9B5D-B914-CCED-CC06-DA7252E018D4}.Debug|Any CPU.ActiveCfg = Debug|Any CPU
		{6B5C9B5D-B914-CCED-CC06-DA7252E018D4}.Debug|Any CPU.Build.0 = Debug|Any CPU
		{6B5C9B5D-B914-CCED-CC06-DA7252E018D4}.Release|Any CPU.ActiveCfg = Release|Any CPU
		{6B5C9B5D-B914-CCED-CC06-DA7252E018D4}.Release|Any CPU.Build.0 = Release|Any CPU
		{B0BB13C7-F67F-D545-576E-F851BD58D07E}.Debug|Any CPU.ActiveCfg = Debug|Any CPU
		{B0BB13C7-F67F-D545-576E-F851BD58D07E}.Debug|Any CPU.Build.0 = Debug|Any CPU
		{B0BB13C7-F67F-D545-576E-F851BD58D07E}.Release|Any CPU.ActiveCfg = Release|Any CPU
		{B0BB13C7-F67F-D545-576E-F851BD58D07E}.Release|Any CPU.Build.0 = Release|Any CPU
		{BBF227B3-2753-7C5D-28C5-1B9B7AB5C0AC}.Debug|Any CPU.ActiveCfg = Debug|Any CPU
		{BBF227B3-2753-7C5D-28C5-1B9B7AB5C0AC}.Debug|Any CPU.Build.0 = Debug|Any CPU
		{BBF227B3-2753-7C5D-28C5-1B9B7AB5C0AC}.Release|Any CPU.ActiveCfg = Release|Any CPU
		{BBF227B3-2753-7C5D-28C5-1B9B7AB5C0AC}.Release|Any CPU.Build.0 = Release|Any CPU
		{7C2EE0B0-83D6-874F-D310-772C22AFD5EA}.Debug|Any CPU.ActiveCfg = Debug|Any CPU
		{7C2EE0B0-83D6-874F-D310-772C22AFD5EA}.Debug|Any CPU.Build.0 = Debug|Any CPU
		{7C2EE0B0-83D6-874F-D310-772C22AFD5EA}.Release|Any CPU.ActiveCfg = Release|Any CPU
		{7C2EE0B0-83D6-874F-D310-772C22AFD5EA}.Release|Any CPU.Build.0 = Release|Any CPU
		{8BCEEB54-FC1C-5523-D303-185BE9E8EFA9}.Debug|Any CPU.ActiveCfg = Debug|Any CPU
		{8BCEEB54-FC1C-5523-D303-185BE9E8EFA9}.Debug|Any CPU.Build.0 = Debug|Any CPU
		{8BCEEB54-FC1C-5523-D303-185BE9E8EFA9}.Release|Any CPU.ActiveCfg = Release|Any CPU
		{8BCEEB54-FC1C-5523-D303-185BE9E8EFA9}.Release|Any CPU.Build.0 = Release|Any CPU
		{D7C4010C-BB2D-DE59-0CA1-B07B11B08B73}.Debug|Any CPU.ActiveCfg = Debug|Any CPU
		{D7C4010C-BB2D-DE59-0CA1-B07B11B08B73}.Debug|Any CPU.Build.0 = Debug|Any CPU
		{D7C4010C-BB2D-DE59-0CA1-B07B11B08B73}.Release|Any CPU.ActiveCfg = Release|Any CPU
		{D7C4010C-BB2D-DE59-0CA1-B07B11B08B73}.Release|Any CPU.Build.0 = Release|Any CPU
		{94618BE1-F6B9-4536-3DD3-A14F5E78262F}.Debug|Any CPU.ActiveCfg = Debug|Any CPU
		{94618BE1-F6B9-4536-3DD3-A14F5E78262F}.Debug|Any CPU.Build.0 = Debug|Any CPU
		{94618BE1-F6B9-4536-3DD3-A14F5E78262F}.Release|Any CPU.ActiveCfg = Release|Any CPU
		{94618BE1-F6B9-4536-3DD3-A14F5E78262F}.Release|Any CPU.Build.0 = Release|Any CPU
		{B8C8D99D-2233-8284-7FF5-7E496AA9C8DE}.Debug|Any CPU.ActiveCfg = Debug|Any CPU
		{B8C8D99D-2233-8284-7FF5-7E496AA9C8DE}.Debug|Any CPU.Build.0 = Debug|Any CPU
		{B8C8D99D-2233-8284-7FF5-7E496AA9C8DE}.Release|Any CPU.ActiveCfg = Release|Any CPU
		{B8C8D99D-2233-8284-7FF5-7E496AA9C8DE}.Release|Any CPU.Build.0 = Release|Any CPU
		{BA57D183-DB29-12A3-3127-434B967DCD14}.Debug|Any CPU.ActiveCfg = Debug|Any CPU
		{BA57D183-DB29-12A3-3127-434B967DCD14}.Debug|Any CPU.Build.0 = Debug|Any CPU
		{BA57D183-DB29-12A3-3127-434B967DCD14}.Release|Any CPU.ActiveCfg = Release|Any CPU
		{BA57D183-DB29-12A3-3127-434B967DCD14}.Release|Any CPU.Build.0 = Release|Any CPU
		{D899C451-197B-B72A-7116-8665ECC9195E}.Debug|Any CPU.ActiveCfg = Debug|Any CPU
		{D899C451-197B-B72A-7116-8665ECC9195E}.Debug|Any CPU.Build.0 = Debug|Any CPU
		{D899C451-197B-B72A-7116-8665ECC9195E}.Release|Any CPU.ActiveCfg = Release|Any CPU
		{D899C451-197B-B72A-7116-8665ECC9195E}.Release|Any CPU.Build.0 = Release|Any CPU
		{9CD1184F-61CE-92BA-F391-3CB0C3D31F3B}.Debug|Any CPU.ActiveCfg = Debug|Any CPU
		{9CD1184F-61CE-92BA-F391-3CB0C3D31F3B}.Debug|Any CPU.Build.0 = Debug|Any CPU
		{9CD1184F-61CE-92BA-F391-3CB0C3D31F3B}.Release|Any CPU.ActiveCfg = Release|Any CPU
		{9CD1184F-61CE-92BA-F391-3CB0C3D31F3B}.Release|Any CPU.Build.0 = Release|Any CPU
		{6B685279-6D5C-C6F1-732C-AC72557047E7}.Debug|Any CPU.ActiveCfg = Debug|Any CPU
		{6B685279-6D5C-C6F1-732C-AC72557047E7}.Debug|Any CPU.Build.0 = Debug|Any CPU
		{6B685279-6D5C-C6F1-732C-AC72557047E7}.Release|Any CPU.ActiveCfg = Release|Any CPU
		{6B685279-6D5C-C6F1-732C-AC72557047E7}.Release|Any CPU.Build.0 = Release|Any CPU
		{F5E6583D-8F57-28B8-0C98-3E2E03754DC8}.Debug|Any CPU.ActiveCfg = Debug|Any CPU
		{F5E6583D-8F57-28B8-0C98-3E2E03754DC8}.Debug|Any CPU.Build.0 = Debug|Any CPU
		{F5E6583D-8F57-28B8-0C98-3E2E03754DC8}.Release|Any CPU.ActiveCfg = Release|Any CPU
		{F5E6583D-8F57-28B8-0C98-3E2E03754DC8}.Release|Any CPU.Build.0 = Release|Any CPU
		{871F5355-F6D8-656E-E33E-4E2671D58DB2}.Debug|Any CPU.ActiveCfg = Debug|Any CPU
		{871F5355-F6D8-656E-E33E-4E2671D58DB2}.Debug|Any CPU.Build.0 = Debug|Any CPU
		{871F5355-F6D8-656E-E33E-4E2671D58DB2}.Release|Any CPU.ActiveCfg = Release|Any CPU
		{871F5355-F6D8-656E-E33E-4E2671D58DB2}.Release|Any CPU.Build.0 = Release|Any CPU
		{1C2D1DC0-9383-F909-9E9E-E546E22E32CB}.Debug|Any CPU.ActiveCfg = Debug|Any CPU
		{1C2D1DC0-9383-F909-9E9E-E546E22E32CB}.Debug|Any CPU.Build.0 = Debug|Any CPU
		{1C2D1DC0-9383-F909-9E9E-E546E22E32CB}.Release|Any CPU.ActiveCfg = Release|Any CPU
		{1C2D1DC0-9383-F909-9E9E-E546E22E32CB}.Release|Any CPU.Build.0 = Release|Any CPU
		{B0952F48-014C-8D99-1521-AB62934ED65A}.Debug|Any CPU.ActiveCfg = Debug|Any CPU
		{B0952F48-014C-8D99-1521-AB62934ED65A}.Debug|Any CPU.Build.0 = Debug|Any CPU
		{B0952F48-014C-8D99-1521-AB62934ED65A}.Release|Any CPU.ActiveCfg = Release|Any CPU
		{B0952F48-014C-8D99-1521-AB62934ED65A}.Release|Any CPU.Build.0 = Release|Any CPU
		{FEB33DC4-3540-B772-8C68-4F8D479F866C}.Debug|Any CPU.ActiveCfg = Debug|Any CPU
		{FEB33DC4-3540-B772-8C68-4F8D479F866C}.Debug|Any CPU.Build.0 = Debug|Any CPU
		{FEB33DC4-3540-B772-8C68-4F8D479F866C}.Release|Any CPU.ActiveCfg = Release|Any CPU
		{FEB33DC4-3540-B772-8C68-4F8D479F866C}.Release|Any CPU.Build.0 = Release|Any CPU
		{0043FB36-D501-BFD3-14A4-A946E2E4627F}.Debug|Any CPU.ActiveCfg = Debug|Any CPU
		{0043FB36-D501-BFD3-14A4-A946E2E4627F}.Debug|Any CPU.Build.0 = Debug|Any CPU
		{0043FB36-D501-BFD3-14A4-A946E2E4627F}.Release|Any CPU.ActiveCfg = Release|Any CPU
		{0043FB36-D501-BFD3-14A4-A946E2E4627F}.Release|Any CPU.Build.0 = Release|Any CPU
		{8E728CAB-64A3-6F2C-2D76-1C554FCD3FA5}.Debug|Any CPU.ActiveCfg = Debug|Any CPU
		{8E728CAB-64A3-6F2C-2D76-1C554FCD3FA5}.Debug|Any CPU.Build.0 = Debug|Any CPU
		{8E728CAB-64A3-6F2C-2D76-1C554FCD3FA5}.Release|Any CPU.ActiveCfg = Release|Any CPU
		{8E728CAB-64A3-6F2C-2D76-1C554FCD3FA5}.Release|Any CPU.Build.0 = Release|Any CPU
		{AB9B9470-9321-197A-787D-AF87E141F899}.Debug|Any CPU.ActiveCfg = Debug|Any CPU
		{AB9B9470-9321-197A-787D-AF87E141F899}.Debug|Any CPU.Build.0 = Debug|Any CPU
		{AB9B9470-9321-197A-787D-AF87E141F899}.Release|Any CPU.ActiveCfg = Release|Any CPU
		{AB9B9470-9321-197A-787D-AF87E141F899}.Release|Any CPU.Build.0 = Release|Any CPU
		{97C186A5-8401-4648-3BE8-67240EECC069}.Debug|Any CPU.ActiveCfg = Debug|Any CPU
		{97C186A5-8401-4648-3BE8-67240EECC069}.Debug|Any CPU.Build.0 = Debug|Any CPU
		{97C186A5-8401-4648-3BE8-67240EECC069}.Release|Any CPU.ActiveCfg = Release|Any CPU
		{97C186A5-8401-4648-3BE8-67240EECC069}.Release|Any CPU.Build.0 = Release|Any CPU
		{1994121A-B996-BAEF-FCE0-B06E80BFF429}.Debug|Any CPU.ActiveCfg = Debug|Any CPU
		{1994121A-B996-BAEF-FCE0-B06E80BFF429}.Debug|Any CPU.Build.0 = Debug|Any CPU
		{1994121A-B996-BAEF-FCE0-B06E80BFF429}.Release|Any CPU.ActiveCfg = Release|Any CPU
		{1994121A-B996-BAEF-FCE0-B06E80BFF429}.Release|Any CPU.Build.0 = Release|Any CPU
		{DF9A1786-0200-77CF-9594-2E1872D8E0DD}.Debug|Any CPU.ActiveCfg = Debug|Any CPU
		{DF9A1786-0200-77CF-9594-2E1872D8E0DD}.Debug|Any CPU.Build.0 = Debug|Any CPU
		{DF9A1786-0200-77CF-9594-2E1872D8E0DD}.Release|Any CPU.ActiveCfg = Release|Any CPU
		{DF9A1786-0200-77CF-9594-2E1872D8E0DD}.Release|Any CPU.Build.0 = Release|Any CPU
		{F588DBE5-2E68-0B62-5661-01754CD5090C}.Debug|Any CPU.ActiveCfg = Debug|Any CPU
		{F588DBE5-2E68-0B62-5661-01754CD5090C}.Debug|Any CPU.Build.0 = Debug|Any CPU
		{F588DBE5-2E68-0B62-5661-01754CD5090C}.Release|Any CPU.ActiveCfg = Release|Any CPU
		{F588DBE5-2E68-0B62-5661-01754CD5090C}.Release|Any CPU.Build.0 = Release|Any CPU
		{B0B7735F-DF2B-7134-42C2-11DE0F0218AD}.Debug|Any CPU.ActiveCfg = Debug|Any CPU
		{B0B7735F-DF2B-7134-42C2-11DE0F0218AD}.Debug|Any CPU.Build.0 = Debug|Any CPU
		{B0B7735F-DF2B-7134-42C2-11DE0F0218AD}.Release|Any CPU.ActiveCfg = Release|Any CPU
		{B0B7735F-DF2B-7134-42C2-11DE0F0218AD}.Release|Any CPU.Build.0 = Release|Any CPU
		{DDBFC6CC-BFD7-B843-88DC-AB764104A39E}.Debug|Any CPU.ActiveCfg = Debug|Any CPU
		{DDBFC6CC-BFD7-B843-88DC-AB764104A39E}.Debug|Any CPU.Build.0 = Debug|Any CPU
		{DDBFC6CC-BFD7-B843-88DC-AB764104A39E}.Release|Any CPU.ActiveCfg = Release|Any CPU
		{DDBFC6CC-BFD7-B843-88DC-AB764104A39E}.Release|Any CPU.Build.0 = Release|Any CPU
	EndGlobalSection
	GlobalSection(SolutionProperties) = preSolution
		HideSolutionNode = FALSE
	EndGlobalSection
EndGlobal
